<?xml version="1.0" encoding="utf-8"?>
<Project ToolsVersion="4.0" xmlns="http://schemas.microsoft.com/developer/msbuild/2003">
  <ItemGroup>
    <Filter Include="framework">
      <UniqueIdentifier>{93995380-89BD-4b04-88EB-625FBE52EBFB}</UniqueIdentifier>
      <Extensions>h;hh;hpp;hxx;h++;hm;inl;inc;ipp;xsd</Extensions>
    </Filter>
    <Filter Include="Threads">
      <UniqueIdentifier>{28086ff4-4063-4d55-8365-560f1ae6addb}</UniqueIdentifier>
    </Filter>
    <Filter Include="Utilities">
      <UniqueIdentifier>{4383fa3f-5d71-45c3-b648-71536270b663}</UniqueIdentifier>
    </Filter>
    <Filter Include="iExceptions">
      <UniqueIdentifier>{0b17c95d-ce79-4d3f-9de4-a6711e192f69}</UniqueIdentifier>
    </Filter>
  </ItemGroup>
  <ItemGroup>
    <ClInclude Include="framework.h">
      <Filter>framework</Filter>
    </ClInclude>
    <ClInclude Include="pch.h">
      <Filter>framework</Filter>
    </ClInclude>
    <ClInclude Include="ThreadLake.h">
      <Filter>Threads</Filter>
    </ClInclude>
    <ClInclude Include="Background.h">
      <Filter>Threads</Filter>
    </ClInclude>
    <ClInclude Include="SharedContainerBase.h">
      <Filter>Utilities</Filter>
    </ClInclude>
    <ClInclude Include="WriteFirstMutex.h">
      <Filter>Utilities</Filter>
    </ClInclude>
    <ClInclude Include="iExceptionInfomation.h">
      <Filter>iExceptions</Filter>
    </ClInclude>
    <ClInclude Include="ThreadLakeException.h">
      <Filter>iExceptions</Filter>
    </ClInclude>
    <ClInclude Include="TaskPackage.h">
      <Filter>Threads</Filter>
    </ClInclude>
  </ItemGroup>
  <ItemGroup>
    <ClCompile Include="pch.cpp">
      <Filter>framework</Filter>
    </ClCompile>
    <ClCompile Include="WriteFirstMutex.cpp">
      <Filter>Utilities</Filter>
    </ClCompile>
    <ClCompile Include="Background.cpp">
      <Filter>Threads</Filter>
    </ClCompile>
    <ClCompile Include="ThreadLakeException.cpp">
      <Filter>iExceptions</Filter>
    </ClCompile>
    <ClCompile Include="ThreadLake.cpp">
      <Filter>Threads</Filter>
    </ClCompile>
  </ItemGroup>
</Project>