<?xml version="1.0" encoding="utf-8"?>
<Project ToolsVersion="4.0" xmlns="http://schemas.microsoft.com/developer/msbuild/2003">
  <ItemGroup>
    <Filter Include="framework">
      <UniqueIdentifier>{2aea1dff-b788-41de-bfaa-24026cc97b41}</UniqueIdentifier>
    </Filter>
    <Filter Include="Referee">
      <UniqueIdentifier>{00a54bc1-c3a7-470e-8cba-2618baa31708}</UniqueIdentifier>
    </Filter>
    <Filter Include="Labourer">
      <UniqueIdentifier>{17a57186-f7ad-4460-a514-73703e7fbdbb}</UniqueIdentifier>
    </Filter>
    <Filter Include="Exceptions">
      <UniqueIdentifier>{092d2006-8916-4472-b18b-408a399d5b29}</UniqueIdentifier>
    </Filter>
    <Filter Include="LibInfo">
      <UniqueIdentifier>{8d44b619-2d3a-4e40-8cbe-9181d3b4938c}</UniqueIdentifier>
    </Filter>
    <Filter Include="Archivist">
      <UniqueIdentifier>{fdc4cf69-cb31-42da-b712-da7163256903}</UniqueIdentifier>
    </Filter>
    <Filter Include="Assistant">
      <UniqueIdentifier>{aaf992c7-0cd6-4da8-b262-cfd6e1c6949c}</UniqueIdentifier>
    </Filter>
    <Filter Include="Secretary">
      <UniqueIdentifier>{4fa52ffe-fb05-4cbc-8eda-a5bb11d795e7}</UniqueIdentifier>
    </Filter>
    <Filter Include="Expressman">
      <UniqueIdentifier>{650c7452-e161-4c43-bb6f-8230e595777c}</UniqueIdentifier>
    </Filter>
  </ItemGroup>
  <ItemGroup>
    <ClInclude Include="framework.h">
      <Filter>framework</Filter>
    </ClInclude>
    <ClInclude Include="pch.h">
      <Filter>framework</Filter>
    </ClInclude>
    <ClInclude Include="iExceptionBase.h">
      <Filter>Referee</Filter>
    </ClInclude>
    <ClInclude Include="SharedContainerBase.h">
      <Filter>Labourer</Filter>
    </ClInclude>
    <ClInclude Include="iMutexies.h">
      <Filter>Labourer</Filter>
    </ClInclude>
    <ClInclude Include="Background.h">
      <Filter>Labourer</Filter>
    </ClInclude>
    <ClInclude Include="ThreadLake.h">
      <Filter>Labourer</Filter>
    </ClInclude>
    <ClInclude Include="LabourerException.h">
      <Filter>Exceptions</Filter>
    </ClInclude>
    <ClInclude Include="LibID.h">
      <Filter>LibInfo</Filter>
    </ClInclude>
    <ClInclude Include="Index.h">
      <Filter>Archivist</Filter>
    </ClInclude>
    <ClInclude Include="ArchivistException.h">
      <Filter>Exceptions</Filter>
    </ClInclude>
    <ClInclude Include="Entry.h">
      <Filter>Archivist</Filter>
    </ClInclude>
    <ClInclude Include="Tablet.h">
      <Filter>Archivist</Filter>
    </ClInclude>
    <ClInclude Include="Registry.h">
      <Filter>Archivist</Filter>
    </ClInclude>
    <ClInclude Include="PrintCenter.h">
      <Filter>Secretary</Filter>
    </ClInclude>
    <ClInclude Include="Log.h">
      <Filter>Secretary</Filter>
    </ClInclude>
    <ClInclude Include="Progress.h">
      <Filter>Secretary</Filter>
    </ClInclude>
    <ClInclude Include="SecretaryException.h">
      <Filter>Exceptions</Filter>
    </ClInclude>
  </ItemGroup>
  <ItemGroup>
    <ClCompile Include="pch.cpp">
      <Filter>framework</Filter>
    </ClCompile>
    <ClCompile Include="iExceptionBase.cpp">
      <Filter>Referee</Filter>
    </ClCompile>
    <ClCompile Include="iMutexies.cpp">
      <Filter>Labourer</Filter>
    </ClCompile>
    <ClCompile Include="Background.cpp">
      <Filter>Labourer</Filter>
    </ClCompile>
    <ClCompile Include="ThreadLake.cpp">
      <Filter>Labourer</Filter>
    </ClCompile>
    <ClCompile Include="LabourerException.cpp">
      <Filter>Exceptions</Filter>
    </ClCompile>
    <ClCompile Include="Entry.cpp">
      <Filter>Archivist</Filter>
    </ClCompile>
    <ClCompile Include="Index.cpp">
      <Filter>Archivist</Filter>
    </ClCompile>
    <ClCompile Include="ArchivistException.cpp">
      <Filter>Exceptions</Filter>
    </ClCompile>
    <ClCompile Include="Tablet.cpp">
      <Filter>Archivist</Filter>
    </ClCompile>
    <ClCompile Include="Registry.cpp">
      <Filter>Archivist</Filter>
    </ClCompile>
  </ItemGroup>
  <ItemGroup>
    <None Include="document.md" />
  </ItemGroup>
</Project>